
Microsoft Visual Studio Solution File, Format Version 12.00
# Visual Studio Version 17
VisualStudioVersion = 17.13.35617.110
MinimumVisualStudioVersion = 10.0.40219.1
Project("{FAE04EC0-301F-11D3-BF4B-00C04F79EFBC}") = "Binac", "Binac\Binac.csproj", "{3FB40C89-0579-4A7B-8B5A-3537D4FF4130}"
EndProject
Project("{FAE04EC0-301F-11D3-BF4B-00C04F79EFBC}") = "Binac.Tests", "Binac.Tests\Binac.Tests.csproj", "{2CD46C49-DDD5-4712-AF6C-BEF5D77E1A89}"
EndProject
Global
	GlobalSection(SolutionConfigurationPlatforms) = preSolution
		Debug|Any CPU = Debug|Any CPU
		Release|Any CPU = Release|Any CPU
	EndGlobalSection
	GlobalSection(ProjectConfigurationPlatforms) = postSolution
		{3FB40C89-0579-4A7B-8B5A-3537D4FF4130}.Debug|Any CPU.ActiveCfg = Debug|Any CPU
		{3FB40C89-0579-4A7B-8B5A-3537D4FF4130}.Debug|Any CPU.Build.0 = Debug|Any CPU
		{3FB40C89-0579-4A7B-8B5A-3537D4FF4130}.Release|Any CPU.ActiveCfg = Release|Any CPU
		{3FB40C89-0579-4A7B-8B5A-3537D4FF4130}.Release|Any CPU.Build.0 = Release|Any CPU
		{2CD46C49-DDD5-4712-AF6C-BEF5D77E1A89}.Debug|Any CPU.ActiveCfg = Debug|Any CPU
		{2CD46C49-DDD5-4712-AF6C-BEF5D77E1A89}.Debug|Any CPU.Build.0 = Debug|Any CPU
		{2CD46C49-DDD5-4712-AF6C-BEF5D77E1A89}.Release|Any CPU.ActiveCfg = Release|Any CPU
		{2CD46C49-DDD5-4712-AF6C-BEF5D77E1A89}.Release|Any CPU.Build.0 = Release|Any CPU
	EndGlobalSection
	GlobalSection(SolutionProperties) = preSolution
		HideSolutionNode = FALSE
	EndGlobalSection
	GlobalSection(ExtensibilityGlobals) = postSolution
		SolutionGuid = {51E21F7D-CA5C-45C9-967B-FAB42BB55119}
	EndGlobalSection
EndGlobal
